
Microsoft Visual Studio Solution File, Format Version 12.00
# Visual Studio Version 16
VisualStudioVersion = 16.0.31205.134
MinimumVisualStudioVersion = 10.0.40219.1
Project("{FAE04EC0-301F-11D3-BF4B-00C04F79EFBC}") = "Drug_Shop", "Drug_Shop\Drug_Shop.csproj", "{7494CC8A-059E-40DB-B4A2-7BD8F0C4E7B7}"
EndProject
Global
	GlobalSection(SolutionConfigurationPlatforms) = preSolution
		Debug|Any CPU = Debug|Any CPU
		Release|Any CPU = Release|Any CPU
	EndGlobalSection
	GlobalSection(ProjectConfigurationPlatforms) = postSolution
		{7494CC8A-059E-40DB-B4A2-7BD8F0C4E7B7}.Debug|Any CPU.ActiveCfg = Debug|Any CPU
		{7494CC8A-059E-40DB-B4A2-7BD8F0C4E7B7}.Debug|Any CPU.Build.0 = Debug|Any CPU
		{7494CC8A-059E-40DB-B4A2-7BD8F0C4E7B7}.Release|Any CPU.ActiveCfg = Release|Any CPU
		{7494CC8A-059E-40DB-B4A2-7BD8F0C4E7B7}.Release|Any CPU.Build.0 = Release|Any CPU
	EndGlobalSection
	GlobalSection(SolutionProperties) = preSolution
		HideSolutionNode = FALSE
	EndGlobalSection
	GlobalSection(ExtensibilityGlobals) = postSolution
		SolutionGuid = {5E6D0701-1F36-4FB9-9BDC-2CC657543C81}
	EndGlobalSection
EndGlobal
